---
# This file is licensed under the MIT License (MIT) available on
# http://opensource.org/licenses/MIT.

required:
                                           #-------------40 characters-------------#
    title_max_40_characters_no_formatting: Head Block

    summary_max_255_characters_no_formatting: >
        Block with highest BkSeq number known to the node

    synonyms_shown_in_glossary_capitalize_first_letter:
        - Head block
---
